{
  "version": 4,
  "terraform_version": "1.3.1",
  "serial": 212,
  "lineage": "e0ca9f3b-5e83-504a-b11c-9fa9ee4b31c3",
  "outputs": {},
  "resources": [
    {
      "mode": "managed",
      "type": "aws_acm_certificate",
      "name": "cert",
      "provider": "provider[\"registry.terraform.io/hashicorp/aws\"]",
      "instances": [
        {
          "schema_version": 0,
          "attributes": {
            "arn": "arn:aws:acm:us-east-1:120545966579:certificate/d9309188-2d00-46b5-80d4-843ad4d64924",
            "certificate_authority_arn": "",
            "certificate_body": null,
            "certificate_chain": null,
            "domain_name": "seafood-app.com",
            "domain_validation_options": [
              {
                "domain_name": "*.seafood-app.com",
                "resource_record_name": "_7721037af0b328cfb2aa0fb6a629148e.seafood-app.com.",
                "resource_record_type": "CNAME",
                "resource_record_value": "_2421501c0160bfe6065dcebb20b545f0.zdxcnfdgtt.acm-validations.aws."
              },
              {
                "domain_name": "seafood-app.com",
                "resource_record_name": "_7721037af0b328cfb2aa0fb6a629148e.seafood-app.com.",
                "resource_record_type": "CNAME",
                "resource_record_value": "_2421501c0160bfe6065dcebb20b545f0.zdxcnfdgtt.acm-validations.aws."
              },
              {
                "domain_name": "www.seafood-app.com",
                "resource_record_name": "_8fabed183fed3175e95786306c7c28cf.www.seafood-app.com.",
                "resource_record_type": "CNAME",
                "resource_record_value": "_11401b843c2354e005eb572a935daa7e.bcnrdwzwjt.acm-validations.aws."
              }
            ],
            "early_renewal_duration": "",
            "id": "arn:aws:acm:us-east-1:120545966579:certificate/d9309188-2d00-46b5-80d4-843ad4d64924",
            "not_after": "2023-11-08T23:59:59Z",
            "not_before": "2022-10-10T00:00:00Z",
            "options": [
              {
                "certificate_transparency_logging_preference": "ENABLED"
              }
            ],
            "pending_renewal": false,
            "private_key": null,
            "renewal_eligibility": "ELIGIBLE",
            "renewal_summary": [],
            "status": "ISSUED",
            "subject_alternative_names": [
              "*.seafood-app.com",
              "seafood-app.com",
              "www.seafood-app.com"
            ],
            "tags": {},
            "tags_all": {},
            "type": "AMAZON_ISSUED",
            "validation_emails": [],
            "validation_method": "DNS",
            "validation_option": []
          },
          "sensitive_attributes": [],
          "private": "bnVsbA=="
        }
      ]
    }
  ],
  "check_results": []
}
